
Microsoft Visual Studio Solution File, Format Version 12.00
# Visual Studio Version 17
VisualStudioVersion = 17.6.33829.357
MinimumVisualStudioVersion = 10.0.40219.1
Project("{9A19103F-16F7-4668-BE54-9A1E7A4F7556}") = "example.product.api", "example.product.api\example.product.api.csproj", "{531F85EE-B312-475B-AE51-D2F2B74ABA18}"
EndProject
Project("{9A19103F-16F7-4668-BE54-9A1E7A4F7556}") = "example.product.domain", "example.product.domain\example.product.domain.csproj", "{64292644-FF3D-4FA5-AC2F-97EA1CD78422}"
EndProject
Project("{9A19103F-16F7-4668-BE54-9A1E7A4F7556}") = "example.product.infrastructure", "example.product.infrastructure\example.product.infrastructure.csproj", "{AA389136-EBC0-43B2-9ED7-3DDCBDFBE10F}"
EndProject
Project("{9A19103F-16F7-4668-BE54-9A1E7A4F7556}") = "example.product.service", "example.product.service\example.product.service.csproj", "{CBE2DACC-7911-4C41-8D3D-2418BBD069DC}"
EndProject
Project("{2150E333-8FDC-42A3-9474-1A3956D46DE8}") = "Solution Items", "Solution Items", "{C5F6ABCD-D2CD-4540-BBFD-B6D4F9836B70}"
	ProjectSection(SolutionItems) = preProject
		.editorconfig = .editorconfig
	EndProjectSection
EndProject
Project("{2150E333-8FDC-42A3-9474-1A3956D46DE8}") = "Tests", "Tests", "{02EA681E-C7D8-13C7-8484-4AC65E1B71E8}"
EndProject
Project("{FAE04EC0-301F-11D3-BF4B-00C04F79EFBC}") = "example.product.service.tests", "example.product.service.tests\example.product.service.tests.csproj", "{87737F6B-C9E1-4E70-B32E-27EA852EE76F}"
EndProject
Project("{FAE04EC0-301F-11D3-BF4B-00C04F79EFBC}") = "example.product.api.tests", "example.product.api.tests\example.product.api.tests.csproj", "{375E63C6-0E91-491D-897B-F36C79A15E5E}"
EndProject
Global
	GlobalSection(SolutionConfigurationPlatforms) = preSolution
		Debug|Any CPU = Debug|Any CPU
		Release|Any CPU = Release|Any CPU
	EndGlobalSection
	GlobalSection(ProjectConfigurationPlatforms) = postSolution
		{531F85EE-B312-475B-AE51-D2F2B74ABA18}.Debug|Any CPU.ActiveCfg = Debug|Any CPU
		{531F85EE-B312-475B-AE51-D2F2B74ABA18}.Debug|Any CPU.Build.0 = Debug|Any CPU
		{531F85EE-B312-475B-AE51-D2F2B74ABA18}.Release|Any CPU.ActiveCfg = Release|Any CPU
		{531F85EE-B312-475B-AE51-D2F2B74ABA18}.Release|Any CPU.Build.0 = Release|Any CPU
		{64292644-FF3D-4FA5-AC2F-97EA1CD78422}.Debug|Any CPU.ActiveCfg = Debug|Any CPU
		{64292644-FF3D-4FA5-AC2F-97EA1CD78422}.Debug|Any CPU.Build.0 = Debug|Any CPU
		{64292644-FF3D-4FA5-AC2F-97EA1CD78422}.Release|Any CPU.ActiveCfg = Release|Any CPU
		{64292644-FF3D-4FA5-AC2F-97EA1CD78422}.Release|Any CPU.Build.0 = Release|Any CPU
		{AA389136-EBC0-43B2-9ED7-3DDCBDFBE10F}.Debug|Any CPU.ActiveCfg = Debug|Any CPU
		{AA389136-EBC0-43B2-9ED7-3DDCBDFBE10F}.Debug|Any CPU.Build.0 = Debug|Any CPU
		{AA389136-EBC0-43B2-9ED7-3DDCBDFBE10F}.Release|Any CPU.ActiveCfg = Release|Any CPU
		{AA389136-EBC0-43B2-9ED7-3DDCBDFBE10F}.Release|Any CPU.Build.0 = Release|Any CPU
		{CBE2DACC-7911-4C41-8D3D-2418BBD069DC}.Debug|Any CPU.ActiveCfg = Debug|Any CPU
		{CBE2DACC-7911-4C41-8D3D-2418BBD069DC}.Debug|Any CPU.Build.0 = Debug|Any CPU
		{CBE2DACC-7911-4C41-8D3D-2418BBD069DC}.Release|Any CPU.ActiveCfg = Release|Any CPU
		{CBE2DACC-7911-4C41-8D3D-2418BBD069DC}.Release|Any CPU.Build.0 = Release|Any CPU
		{87737F6B-C9E1-4E70-B32E-27EA852EE76F}.Debug|Any CPU.ActiveCfg = Debug|Any CPU
		{87737F6B-C9E1-4E70-B32E-27EA852EE76F}.Debug|Any CPU.Build.0 = Debug|Any CPU
		{87737F6B-C9E1-4E70-B32E-27EA852EE76F}.Release|Any CPU.ActiveCfg = Release|Any CPU
		{87737F6B-C9E1-4E70-B32E-27EA852EE76F}.Release|Any CPU.Build.0 = Release|Any CPU
		{375E63C6-0E91-491D-897B-F36C79A15E5E}.Debug|Any CPU.ActiveCfg = Debug|Any CPU
		{375E63C6-0E91-491D-897B-F36C79A15E5E}.Debug|Any CPU.Build.0 = Debug|Any CPU
		{375E63C6-0E91-491D-897B-F36C79A15E5E}.Release|Any CPU.ActiveCfg = Release|Any CPU
		{375E63C6-0E91-491D-897B-F36C79A15E5E}.Release|Any CPU.Build.0 = Release|Any CPU
	EndGlobalSection
	GlobalSection(SolutionProperties) = preSolution
		HideSolutionNode = FALSE
	EndGlobalSection
	GlobalSection(NestedProjects) = preSolution
		{87737F6B-C9E1-4E70-B32E-27EA852EE76F} = {02EA681E-C7D8-13C7-8484-4AC65E1B71E8}
		{375E63C6-0E91-491D-897B-F36C79A15E5E} = {02EA681E-C7D8-13C7-8484-4AC65E1B71E8}
	EndGlobalSection
	GlobalSection(ExtensibilityGlobals) = postSolution
		SolutionGuid = {E65F608E-B2CA-420F-A2DE-909DBF9485ED}
	EndGlobalSection
EndGlobal
